// !$*UTF8*$!
{
	archiveVersion = 1;
	classes = {
	};
	objectVersion = 50;
	objects = {

/* Begin PBXBuildFile section */
		7209FCDC2601BBC500483536 /* Extension.swift in Sources */ = {isa = PBXBuildFile; fileRef = 7209FCDB2601BBC500483536 /* Extension.swift */; };
		7209FCE02601C0D300483536 /* equipmentBag.png in Resources */ = {isa = PBXBuildFile; fileRef = 7209FCDF2601C0D200483536 /* equipmentBag.png */; };
		7209FCE42601C70A00483536 /* weapon_1.png in Resources */ = {isa = PBXBuildFile; fileRef = 7209FCE32601C70A00483536 /* weapon_1.png */; };
		7209FCE82601C86200483536 /* helmet_1.png in Resources */ = {isa = PBXBuildFile; fileRef = 7209FCE72601C86200483536 /* helmet_1.png */; };
		7209FCEB2601C87500483536 /* armor_1.png in Resources */ = {isa = PBXBuildFile; fileRef = 7209FCEA2601C87500483536 /* armor_1.png */; };
		7209FCEE2601CB1D00483536 /* MSButtonNode.swift in Sources */ = {isa = PBXBuildFile; fileRef = 7209FCED2601CB1D00483536 /* MSButtonNode.swift */; };
		723E91172600A9E6006B70BB /* AppDelegate.swift in Sources */ = {isa = PBXBuildFile; fileRef = 723E91162600A9E6006B70BB /* AppDelegate.swift */; };
		723E91192600A9E6006B70BB /* GameScene.sks in Resources */ = {isa = PBXBuildFile; fileRef = 723E91182600A9E6006B70BB /* GameScene.sks */; };
		723E911B2600A9E6006B70BB /* Actions.sks in Resources */ = {isa = PBXBuildFile; fileRef = 723E911A2600A9E6006B70BB /* Actions.sks */; };
		723E911D2600A9E6006B70BB /* GameScene.swift in Sources */ = {isa = PBXBuildFile; fileRef = 723E911C2600A9E6006B70BB /* GameScene.swift */; };
		723E911F2600A9E6006B70BB /* GameViewController.swift in Sources */ = {isa = PBXBuildFile; fileRef = 723E911E2600A9E6006B70BB /* GameViewController.swift */; };
		723E91222600A9E6006B70BB /* Main.storyboard in Resources */ = {isa = PBXBuildFile; fileRef = 723E91202600A9E6006B70BB /* Main.storyboard */; };
		723E91242600A9E6006B70BB /* Assets.xcassets in Resources */ = {isa = PBXBuildFile; fileRef = 723E91232600A9E6006B70BB /* Assets.xcassets */; };
		723E912D2600AC35006B70BB /* Player.swift in Sources */ = {isa = PBXBuildFile; fileRef = 723E912C2600AC35006B70BB /* Player.swift */; };
		723E91412600BA63006B70BB /* nakedAnt_2.png in Resources */ = {isa = PBXBuildFile; fileRef = 723E913E2600BA62006B70BB /* nakedAnt_2.png */; };
		723E91422600BA63006B70BB /* nakedAnt_1.png in Resources */ = {isa = PBXBuildFile; fileRef = 723E913F2600BA63006B70BB /* nakedAnt_1.png */; };
		723E91432600BA63006B70BB /* nakedAnt_3.png in Resources */ = {isa = PBXBuildFile; fileRef = 723E91402600BA63006B70BB /* nakedAnt_3.png */; };
		723E91462600BB1C006B70BB /* PlayerAction.sks in Resources */ = {isa = PBXBuildFile; fileRef = 723E91452600BB1C006B70BB /* PlayerAction.sks */; };
		723E91492600BF65006B70BB /* backGround.png in Resources */ = {isa = PBXBuildFile; fileRef = 723E91482600BF65006B70BB /* backGround.png */; };
		72448E972601D6CF008B13D0 /* life_bg.png in Resources */ = {isa = PBXBuildFile; fileRef = 72448E962601D6CF008B13D0 /* life_bg.png */; };
		72448E9A2601D6EF008B13D0 /* life.png in Resources */ = {isa = PBXBuildFile; fileRef = 72448E992601D6EF008B13D0 /* life.png */; };
		72448E9E2601FFAB008B13D0 /* equipButton.png in Resources */ = {isa = PBXBuildFile; fileRef = 72448E9D2601FFAB008B13D0 /* equipButton.png */; };
		72CBB7DE2601B67C003687F9 /* storageBag.png in Resources */ = {isa = PBXBuildFile; fileRef = 72CBB7DD2601B67C003687F9 /* storageBag.png */; };
		72D0BA812600FB8A000FE1B9 /* EquipmentList.swift in Sources */ = {isa = PBXBuildFile; fileRef = 72D0BA802600FB8A000FE1B9 /* EquipmentList.swift */; };
		72D0BA842600FB96000FE1B9 /* MaterialList.swift in Sources */ = {isa = PBXBuildFile; fileRef = 72D0BA832600FB96000FE1B9 /* MaterialList.swift */; };
		72D0BA872600FBA7000FE1B9 /* PlantCardList.swift in Sources */ = {isa = PBXBuildFile; fileRef = 72D0BA862600FBA7000FE1B9 /* PlantCardList.swift */; };
		72D0BA8B2600FBDD000FE1B9 /* Equipment.swift in Sources */ = {isa = PBXBuildFile; fileRef = 72D0BA8A2600FBDD000FE1B9 /* Equipment.swift */; };
		72D0BA8E2600FBEB000FE1B9 /* Material.swift in Sources */ = {isa = PBXBuildFile; fileRef = 72D0BA8D2600FBEB000FE1B9 /* Material.swift */; };
		72D0BA912600FBF9000FE1B9 /* PlantCard.swift in Sources */ = {isa = PBXBuildFile; fileRef = 72D0BA902600FBF9000FE1B9 /* PlantCard.swift */; };
		72D0BA942601016D000FE1B9 /* shoes_1.png in Resources */ = {isa = PBXBuildFile; fileRef = 72D0BA932601016D000FE1B9 /* shoes_1.png */; };
		72D0BA97260106A4000FE1B9 /* Ability.swift in Sources */ = {isa = PBXBuildFile; fileRef = 72D0BA96260106A4000FE1B9 /* Ability.swift */; };
		72D0BA9B26010772000FE1B9 /* MaterialBag.swift in Sources */ = {isa = PBXBuildFile; fileRef = 72D0BA9A26010771000FE1B9 /* MaterialBag.swift */; };
		72D0BA9E26010783000FE1B9 /* StorageBag.swift in Sources */ = {isa = PBXBuildFile; fileRef = 72D0BA9D26010783000FE1B9 /* StorageBag.swift */; };
		72D0BAA126010792000FE1B9 /* EquipmentBag.swift in Sources */ = {isa = PBXBuildFile; fileRef = 72D0BAA026010792000FE1B9 /* EquipmentBag.swift */; };
		72D0BAA5260107A7000FE1B9 /* PlantCardBag.swift in Sources */ = {isa = PBXBuildFile; fileRef = 72D0BAA4260107A7000FE1B9 /* PlantCardBag.swift */; };
/* End PBXBuildFile section */

/* Begin PBXFileReference section */
		7209FCDB2601BBC500483536 /* Extension.swift */ = {isa = PBXFileReference; fileEncoding = 4; lastKnownFileType = sourcecode.swift; path = Extension.swift; sourceTree = "<group>"; };
		7209FCDF2601C0D200483536 /* equipmentBag.png */ = {isa = PBXFileReference; lastKnownFileType = image.png; path = equipmentBag.png; sourceTree = "<group>"; };
		7209FCE32601C70A00483536 /* weapon_1.png */ = {isa = PBXFileReference; lastKnownFileType = image.png; path = weapon_1.png; sourceTree = "<group>"; };
		7209FCE72601C86200483536 /* helmet_1.png */ = {isa = PBXFileReference; lastKnownFileType = image.png; path = helmet_1.png; sourceTree = "<group>"; };
		7209FCEA2601C87500483536 /* armor_1.png */ = {isa = PBXFileReference; lastKnownFileType = image.png; path = armor_1.png; sourceTree = "<group>"; };
		7209FCED2601CB1D00483536 /* MSButtonNode.swift */ = {isa = PBXFileReference; fileEncoding = 4; lastKnownFileType = sourcecode.swift; path = MSButtonNode.swift; sourceTree = "<group>"; };
		723E91132600A9E6006B70BB /* AnApple.app */ = {isa = PBXFileReference; explicitFileType = wrapper.application; includeInIndex = 0; path = AnApple.app; sourceTree = BUILT_PRODUCTS_DIR; };
		723E91162600A9E6006B70BB /* AppDelegate.swift */ = {isa = PBXFileReference; lastKnownFileType = sourcecode.swift; path = AppDelegate.swift; sourceTree = "<group>"; };
		723E91182600A9E6006B70BB /* GameScene.sks */ = {isa = PBXFileReference; lastKnownFileType = file.sks; path = GameScene.sks; sourceTree = "<group>"; };
		723E911A2600A9E6006B70BB /* Actions.sks */ = {isa = PBXFileReference; lastKnownFileType = file.sks; path = Actions.sks; sourceTree = "<group>"; };
		723E911C2600A9E6006B70BB /* GameScene.swift */ = {isa = PBXFileReference; lastKnownFileType = sourcecode.swift; path = GameScene.swift; sourceTree = "<group>"; };
		723E911E2600A9E6006B70BB /* GameViewController.swift */ = {isa = PBXFileReference; lastKnownFileType = sourcecode.swift; path = GameViewController.swift; sourceTree = "<group>"; };
		723E91212600A9E6006B70BB /* Base */ = {isa = PBXFileReference; lastKnownFileType = file.storyboard; name = Base; path = Base.lproj/Main.storyboard; sourceTree = "<group>"; };
		723E91232600A9E6006B70BB /* Assets.xcassets */ = {isa = PBXFileReference; lastKnownFileType = folder.assetcatalog; path = Assets.xcassets; sourceTree = "<group>"; };
		723E91252600A9E6006B70BB /* Info.plist */ = {isa = PBXFileReference; lastKnownFileType = text.plist.xml; path = Info.plist; sourceTree = "<group>"; };
		723E912C2600AC35006B70BB /* Player.swift */ = {isa = PBXFileReference; lastKnownFileType = sourcecode.swift; path = Player.swift; sourceTree = "<group>"; };
		723E913E2600BA62006B70BB /* nakedAnt_2.png */ = {isa = PBXFileReference; lastKnownFileType = image.png; path = nakedAnt_2.png; sourceTree = "<group>"; };
		723E913F2600BA63006B70BB /* nakedAnt_1.png */ = {isa = PBXFileReference; lastKnownFileType = image.png; path = nakedAnt_1.png; sourceTree = "<group>"; };
		723E91402600BA63006B70BB /* nakedAnt_3.png */ = {isa = PBXFileReference; lastKnownFileType = image.png; path = nakedAnt_3.png; sourceTree = "<group>"; };
		723E91452600BB1C006B70BB /* PlayerAction.sks */ = {isa = PBXFileReference; lastKnownFileType = file.sks; path = PlayerAction.sks; sourceTree = "<group>"; };
		723E91482600BF65006B70BB /* backGround.png */ = {isa = PBXFileReference; lastKnownFileType = image.png; path = backGround.png; sourceTree = "<group>"; };
		72448E962601D6CF008B13D0 /* life_bg.png */ = {isa = PBXFileReference; lastKnownFileType = image.png; path = life_bg.png; sourceTree = "<group>"; };
		72448E992601D6EF008B13D0 /* life.png */ = {isa = PBXFileReference; lastKnownFileType = image.png; path = life.png; sourceTree = "<group>"; };
		72448E9D2601FFAB008B13D0 /* equipButton.png */ = {isa = PBXFileReference; lastKnownFileType = image.png; path = equipButton.png; sourceTree = "<group>"; };
		72CBB7DD2601B67C003687F9 /* storageBag.png */ = {isa = PBXFileReference; lastKnownFileType = image.png; path = storageBag.png; sourceTree = "<group>"; };
		72D0BA802600FB8A000FE1B9 /* EquipmentList.swift */ = {isa = PBXFileReference; lastKnownFileType = sourcecode.swift; path = EquipmentList.swift; sourceTree = "<group>"; };
		72D0BA832600FB96000FE1B9 /* MaterialList.swift */ = {isa = PBXFileReference; lastKnownFileType = sourcecode.swift; path = MaterialList.swift; sourceTree = "<group>"; };
		72D0BA862600FBA7000FE1B9 /* PlantCardList.swift */ = {isa = PBXFileReference; lastKnownFileType = sourcecode.swift; path = PlantCardList.swift; sourceTree = "<group>"; };
		72D0BA8A2600FBDD000FE1B9 /* Equipment.swift */ = {isa = PBXFileReference; lastKnownFileType = sourcecode.swift; path = Equipment.swift; sourceTree = "<group>"; };
		72D0BA8D2600FBEB000FE1B9 /* Material.swift */ = {isa = PBXFileReference; lastKnownFileType = sourcecode.swift; path = Material.swift; sourceTree = "<group>"; };
		72D0BA902600FBF9000FE1B9 /* PlantCard.swift */ = {isa = PBXFileReference; lastKnownFileType = sourcecode.swift; path = PlantCard.swift; sourceTree = "<group>"; };
		72D0BA932601016D000FE1B9 /* shoes_1.png */ = {isa = PBXFileReference; lastKnownFileType = image.png; path = shoes_1.png; sourceTree = "<group>"; };
		72D0BA96260106A4000FE1B9 /* Ability.swift */ = {isa = PBXFileReference; lastKnownFileType = sourcecode.swift; path = Ability.swift; sourceTree = "<group>"; };
		72D0BA9A26010771000FE1B9 /* MaterialBag.swift */ = {isa = PBXFileReference; lastKnownFileType = sourcecode.swift; path = MaterialBag.swift; sourceTree = "<group>"; };
		72D0BA9D26010783000FE1B9 /* StorageBag.swift */ = {isa = PBXFileReference; lastKnownFileType = sourcecode.swift; path = StorageBag.swift; sourceTree = "<group>"; };
		72D0BAA026010792000FE1B9 /* EquipmentBag.swift */ = {isa = PBXFileReference; lastKnownFileType = sourcecode.swift; path = EquipmentBag.swift; sourceTree = "<group>"; };
		72D0BAA4260107A7000FE1B9 /* PlantCardBag.swift */ = {isa = PBXFileReference; lastKnownFileType = sourcecode.swift; path = PlantCardBag.swift; sourceTree = "<group>"; };
/* End PBXFileReference section */

/* Begin PBXFrameworksBuildPhase section */
		723E91102600A9E5006B70BB /* Frameworks */ = {
			isa = PBXFrameworksBuildPhase;
			buildActionMask = 2147483647;
			files = (
			);
			runOnlyForDeploymentPostprocessing = 0;
		};
/* End PBXFrameworksBuildPhase section */

/* Begin PBXGroup section */
		723E910A2600A9E5006B70BB = {
			isa = PBXGroup;
			children = (
				72D0BA9926010746000FE1B9 /* Bag */,
				723E914D2600CE00006B70BB /* Player */,
				723E91332600B4E7006B70BB /* assets.atlas */,
				723E91152600A9E6006B70BB /* AnApple */,
				723E91142600A9E6006B70BB /* Products */,
			);
			sourceTree = "<group>";
		};
		723E91142600A9E6006B70BB /* Products */ = {
			isa = PBXGroup;
			children = (
				723E91132600A9E6006B70BB /* AnApple.app */,
			);
			name = Products;
			sourceTree = "<group>";
		};
		723E91152600A9E6006B70BB /* AnApple */ = {
			isa = PBXGroup;
			children = (
				723E91162600A9E6006B70BB /* AppDelegate.swift */,
				723E91182600A9E6006B70BB /* GameScene.sks */,
				723E911A2600A9E6006B70BB /* Actions.sks */,
				723E911C2600A9E6006B70BB /* GameScene.swift */,
				7209FCDB2601BBC500483536 /* Extension.swift */,
				723E911E2600A9E6006B70BB /* GameViewController.swift */,
				7209FCED2601CB1D00483536 /* MSButtonNode.swift */,
				723E91202600A9E6006B70BB /* Main.storyboard */,
				723E91232600A9E6006B70BB /* Assets.xcassets */,
				723E91252600A9E6006B70BB /* Info.plist */,
			);
			path = AnApple;
			sourceTree = "<group>";
		};
		723E91332600B4E7006B70BB /* assets.atlas */ = {
			isa = PBXGroup;
			children = (
				72448E9D2601FFAB008B13D0 /* equipButton.png */,
				72448E962601D6CF008B13D0 /* life_bg.png */,
				72448E992601D6EF008B13D0 /* life.png */,
				7209FCDF2601C0D200483536 /* equipmentBag.png */,
				72CBB7DD2601B67C003687F9 /* storageBag.png */,
				7209FCEA2601C87500483536 /* armor_1.png */,
				72D0BA932601016D000FE1B9 /* shoes_1.png */,
				7209FCE72601C86200483536 /* helmet_1.png */,
				723E91482600BF65006B70BB /* backGround.png */,
				723E913F2600BA63006B70BB /* nakedAnt_1.png */,
				723E913E2600BA62006B70BB /* nakedAnt_2.png */,
				723E91402600BA63006B70BB /* nakedAnt_3.png */,
				7209FCE32601C70A00483536 /* weapon_1.png */,
			);
			path = assets.atlas;
			sourceTree = "<group>";
		};
		723E914D2600CE00006B70BB /* Player */ = {
			isa = PBXGroup;
			children = (
				723E91452600BB1C006B70BB /* PlayerAction.sks */,
				723E912C2600AC35006B70BB /* Player.swift */,
				72D0BA802600FB8A000FE1B9 /* EquipmentList.swift */,
				72D0BA832600FB96000FE1B9 /* MaterialList.swift */,
				72D0BA862600FBA7000FE1B9 /* PlantCardList.swift */,
				72D0BA8A2600FBDD000FE1B9 /* Equipment.swift */,
				72D0BA8D2600FBEB000FE1B9 /* Material.swift */,
				72D0BA902600FBF9000FE1B9 /* PlantCard.swift */,
				72D0BA96260106A4000FE1B9 /* Ability.swift */,
			);
			path = Player;
			sourceTree = "<group>";
		};
		72D0BA9926010746000FE1B9 /* Bag */ = {
			isa = PBXGroup;
			children = (
				72D0BA9A26010771000FE1B9 /* MaterialBag.swift */,
				72D0BA9D26010783000FE1B9 /* StorageBag.swift */,
				72D0BAA026010792000FE1B9 /* EquipmentBag.swift */,
				72D0BAA4260107A7000FE1B9 /* PlantCardBag.swift */,
			);
			path = Bag;
			sourceTree = "<group>";
		};
/* End PBXGroup section */

/* Begin PBXNativeTarget section */
		723E91122600A9E5006B70BB /* AnApple */ = {
			isa = PBXNativeTarget;
			buildConfigurationList = 723E91282600A9E6006B70BB /* Build configuration list for PBXNativeTarget "AnApple" */;
			buildPhases = (
				723E910F2600A9E5006B70BB /* Sources */,
				723E91102600A9E5006B70BB /* Frameworks */,
				723E91112600A9E5006B70BB /* Resources */,
			);
			buildRules = (
			);
			dependencies = (
			);
			name = AnApple;
			productName = AnApple;
			productReference = 723E91132600A9E6006B70BB /* AnApple.app */;
			productType = "com.apple.product-type.application";
		};
/* End PBXNativeTarget section */

/* Begin PBXProject section */
		723E910B2600A9E5006B70BB /* Project object */ = {
			isa = PBXProject;
			attributes = {
				LastSwiftUpdateCheck = 1240;
				LastUpgradeCheck = 1240;
				TargetAttributes = {
					723E91122600A9E5006B70BB = {
						CreatedOnToolsVersion = 12.4;
					};
				};
			};
			buildConfigurationList = 723E910E2600A9E5006B70BB /* Build configuration list for PBXProject "AnApple" */;
			compatibilityVersion = "Xcode 9.3";
			developmentRegion = en;
			hasScannedForEncodings = 0;
			knownRegions = (
				en,
				Base,
			);
			mainGroup = 723E910A2600A9E5006B70BB;
			productRefGroup = 723E91142600A9E6006B70BB /* Products */;
			projectDirPath = "";
			projectRoot = "";
			targets = (
				723E91122600A9E5006B70BB /* AnApple */,
			);
		};
/* End PBXProject section */

/* Begin PBXResourcesBuildPhase section */
		723E91112600A9E5006B70BB /* Resources */ = {
			isa = PBXResourcesBuildPhase;
			buildActionMask = 2147483647;
			files = (
				723E91462600BB1C006B70BB /* PlayerAction.sks in Resources */,
				7209FCE42601C70A00483536 /* weapon_1.png in Resources */,
				723E91222600A9E6006B70BB /* Main.storyboard in Resources */,
				72448E972601D6CF008B13D0 /* life_bg.png in Resources */,
				723E91432600BA63006B70BB /* nakedAnt_3.png in Resources */,
				723E91412600BA63006B70BB /* nakedAnt_2.png in Resources */,
				72448E9A2601D6EF008B13D0 /* life.png in Resources */,
				7209FCE02601C0D300483536 /* equipmentBag.png in Resources */,
				72D0BA942601016D000FE1B9 /* shoes_1.png in Resources */,
				7209FCEB2601C87500483536 /* armor_1.png in Resources */,
				72448E9E2601FFAB008B13D0 /* equipButton.png in Resources */,
				723E91192600A9E6006B70BB /* GameScene.sks in Resources */,
				723E91242600A9E6006B70BB /* Assets.xcassets in Resources */,
				72CBB7DE2601B67C003687F9 /* storageBag.png in Resources */,
				7209FCE82601C86200483536 /* helmet_1.png in Resources */,
				723E911B2600A9E6006B70BB /* Actions.sks in Resources */,
				723E91492600BF65006B70BB /* backGround.png in Resources */,
				723E91422600BA63006B70BB /* nakedAnt_1.png in Resources */,
			);
			runOnlyForDeploymentPostprocessing = 0;
		};
/* End PBXResourcesBuildPhase section */

/* Begin PBXSourcesBuildPhase section */
		723E910F2600A9E5006B70BB /* Sources */ = {
			isa = PBXSourcesBuildPhase;
			buildActionMask = 2147483647;
			files = (
				72D0BA872600FBA7000FE1B9 /* PlantCardList.swift in Sources */,
				72D0BA8E2600FBEB000FE1B9 /* Material.swift in Sources */,
				72D0BA842600FB96000FE1B9 /* MaterialList.swift in Sources */,
				72D0BA8B2600FBDD000FE1B9 /* Equipment.swift in Sources */,
				723E912D2600AC35006B70BB /* Player.swift in Sources */,
				72D0BA9B26010772000FE1B9 /* MaterialBag.swift in Sources */,
				72D0BA812600FB8A000FE1B9 /* EquipmentList.swift in Sources */,
				7209FCDC2601BBC500483536 /* Extension.swift in Sources */,
				723E911D2600A9E6006B70BB /* GameScene.swift in Sources */,
				72D0BA9E26010783000FE1B9 /* StorageBag.swift in Sources */,
				7209FCEE2601CB1D00483536 /* MSButtonNode.swift in Sources */,
				72D0BA912600FBF9000FE1B9 /* PlantCard.swift in Sources */,
				72D0BAA126010792000FE1B9 /* EquipmentBag.swift in Sources */,
				723E911F2600A9E6006B70BB /* GameViewController.swift in Sources */,
				72D0BA97260106A4000FE1B9 /* Ability.swift in Sources */,
				72D0BAA5260107A7000FE1B9 /* PlantCardBag.swift in Sources */,
				723E91172600A9E6006B70BB /* AppDelegate.swift in Sources */,
			);
			runOnlyForDeploymentPostprocessing = 0;
		};
/* End PBXSourcesBuildPhase section */

/* Begin PBXVariantGroup section */
		723E91202600A9E6006B70BB /* Main.storyboard */ = {
			isa = PBXVariantGroup;
			children = (
				723E91212600A9E6006B70BB /* Base */,
			);
			name = Main.storyboard;
			sourceTree = "<group>";
		};
/* End PBXVariantGroup section */

/* Begin XCBuildConfiguration section */
		723E91262600A9E6006B70BB /* Debug */ = {
			isa = XCBuildConfiguration;
			buildSettings = {
				ALWAYS_SEARCH_USER_PATHS = NO;
				CLANG_ANALYZER_NONNULL = YES;
				CLANG_ANALYZER_NUMBER_OBJECT_CONVERSION = YES_AGGRESSIVE;
				CLANG_CXX_LANGUAGE_STANDARD = "gnu++14";
				CLANG_CXX_LIBRARY = "libc++";
				CLANG_ENABLE_MODULES = YES;
				CLANG_ENABLE_OBJC_ARC = YES;
				CLANG_ENABLE_OBJC_WEAK = YES;
				CLANG_WARN_BLOCK_CAPTURE_AUTORELEASING = YES;
				CLANG_WARN_BOOL_CONVERSION = YES;
				CLANG_WARN_COMMA = YES;
				CLANG_WARN_CONSTANT_CONVERSION = YES;
				CLANG_WARN_DEPRECATED_OBJC_IMPLEMENTATIONS = YES;
				CLANG_WARN_DIRECT_OBJC_ISA_USAGE = YES_ERROR;
				CLANG_WARN_DOCUMENTATION_COMMENTS = YES;
				CLANG_WARN_EMPTY_BODY = YES;
				CLANG_WARN_ENUM_CONVERSION = YES;
				CLANG_WARN_INFINITE_RECURSION = YES;
				CLANG_WARN_INT_CONVERSION = YES;
				CLANG_WARN_NON_LITERAL_NULL_CONVERSION = YES;
				CLANG_WARN_OBJC_IMPLICIT_RETAIN_SELF = YES;
				CLANG_WARN_OBJC_LITERAL_CONVERSION = YES;
				CLANG_WARN_OBJC_ROOT_CLASS = YES_ERROR;
				CLANG_WARN_QUOTED_INCLUDE_IN_FRAMEWORK_HEADER = YES;
				CLANG_WARN_RANGE_LOOP_ANALYSIS = YES;
				CLANG_WARN_STRICT_PROTOTYPES = YES;
				CLANG_WARN_SUSPICIOUS_MOVE = YES;
				CLANG_WARN_UNGUARDED_AVAILABILITY = YES_AGGRESSIVE;
				CLANG_WARN_UNREACHABLE_CODE = YES;
				CLANG_WARN__DUPLICATE_METHOD_MATCH = YES;
				COPY_PHASE_STRIP = NO;
				DEBUG_INFORMATION_FORMAT = dwarf;
				ENABLE_STRICT_OBJC_MSGSEND = YES;
				ENABLE_TESTABILITY = YES;
				GCC_C_LANGUAGE_STANDARD = gnu11;
				GCC_DYNAMIC_NO_PIC = NO;
				GCC_NO_COMMON_BLOCKS = YES;
				GCC_OPTIMIZATION_LEVEL = 0;
				GCC_PREPROCESSOR_DEFINITIONS = (
					"DEBUG=1",
					"$(inherited)",
				);
				GCC_WARN_64_TO_32_BIT_CONVERSION = YES;
				GCC_WARN_ABOUT_RETURN_TYPE = YES_ERROR;
				GCC_WARN_UNDECLARED_SELECTOR = YES;
				GCC_WARN_UNINITIALIZED_AUTOS = YES_AGGRESSIVE;
				GCC_WARN_UNUSED_FUNCTION = YES;
				GCC_WARN_UNUSED_VARIABLE = YES;
				IPHONEOS_DEPLOYMENT_TARGET = 14.4;
				MTL_ENABLE_DEBUG_INFO = INCLUDE_SOURCE;
				MTL_FAST_MATH = YES;
				ONLY_ACTIVE_ARCH = YES;
				SDKROOT = iphoneos;
				SWIFT_ACTIVE_COMPILATION_CONDITIONS = DEBUG;
				SWIFT_OPTIMIZATION_LEVEL = "-Onone";
			};
			name = Debug;
		};
		723E91272600A9E6006B70BB /* Release */ = {
			isa = XCBuildConfiguration;
			buildSettings = {
				ALWAYS_SEARCH_USER_PATHS = NO;
				CLANG_ANALYZER_NONNULL = YES;
				CLANG_ANALYZER_NUMBER_OBJECT_CONVERSION = YES_AGGRESSIVE;
				CLANG_CXX_LANGUAGE_STANDARD = "gnu++14";
				CLANG_CXX_LIBRARY = "libc++";
				CLANG_ENABLE_MODULES = YES;
				CLANG_ENABLE_OBJC_ARC = YES;
				CLANG_ENABLE_OBJC_WEAK = YES;
				CLANG_WARN_BLOCK_CAPTURE_AUTORELEASING = YES;
				CLANG_WARN_BOOL_CONVERSION = YES;
				CLANG_WARN_COMMA = YES;
				CLANG_WARN_CONSTANT_CONVERSION = YES;
				CLANG_WARN_DEPRECATED_OBJC_IMPLEMENTATIONS = YES;
				CLANG_WARN_DIRECT_OBJC_ISA_USAGE = YES_ERROR;
				CLANG_WARN_DOCUMENTATION_COMMENTS = YES;
				CLANG_WARN_EMPTY_BODY = YES;
				CLANG_WARN_ENUM_CONVERSION = YES;
				CLANG_WARN_INFINITE_RECURSION = YES;
				CLANG_WARN_INT_CONVERSION = YES;
				CLANG_WARN_NON_LITERAL_NULL_CONVERSION = YES;
				CLANG_WARN_OBJC_IMPLICIT_RETAIN_SELF = YES;
				CLANG_WARN_OBJC_LITERAL_CONVERSION = YES;
				CLANG_WARN_OBJC_ROOT_CLASS = YES_ERROR;
				CLANG_WARN_QUOTED_INCLUDE_IN_FRAMEWORK_HEADER = YES;
				CLANG_WARN_RANGE_LOOP_ANALYSIS = YES;
				CLANG_WARN_STRICT_PROTOTYPES = YES;
				CLANG_WARN_SUSPICIOUS_MOVE = YES;
				CLANG_WARN_UNGUARDED_AVAILABILITY = YES_AGGRESSIVE;
				CLANG_WARN_UNREACHABLE_CODE = YES;
				CLANG_WARN__DUPLICATE_METHOD_MATCH = YES;
				COPY_PHASE_STRIP = NO;
				DEBUG_INFORMATION_FORMAT = "dwarf-with-dsym";
				ENABLE_NS_ASSERTIONS = NO;
				ENABLE_STRICT_OBJC_MSGSEND = YES;
				GCC_C_LANGUAGE_STANDARD = gnu11;
				GCC_NO_COMMON_BLOCKS = YES;
				GCC_WARN_64_TO_32_BIT_CONVERSION = YES;
				GCC_WARN_ABOUT_RETURN_TYPE = YES_ERROR;
				GCC_WARN_UNDECLARED_SELECTOR = YES;
				GCC_WARN_UNINITIALIZED_AUTOS = YES_AGGRESSIVE;
				GCC_WARN_UNUSED_FUNCTION = YES;
				GCC_WARN_UNUSED_VARIABLE = YES;
				IPHONEOS_DEPLOYMENT_TARGET = 14.4;
				MTL_ENABLE_DEBUG_INFO = NO;
				MTL_FAST_MATH = YES;
				SDKROOT = iphoneos;
				SWIFT_COMPILATION_MODE = wholemodule;
				SWIFT_OPTIMIZATION_LEVEL = "-O";
				VALIDATE_PRODUCT = YES;
			};
			name = Release;
		};
		723E91292600A9E6006B70BB /* Debug */ = {
			isa = XCBuildConfiguration;
			buildSettings = {
				ASSETCATALOG_COMPILER_APPICON_NAME = AppIcon;
				ASSETCATALOG_COMPILER_GLOBAL_ACCENT_COLOR_NAME = AccentColor;
				CODE_SIGN_STYLE = Automatic;
				DEVELOPMENT_TEAM = K9ZG3W249U;
				INFOPLIST_FILE = AnApple/Info.plist;
				LD_RUNPATH_SEARCH_PATHS = (
					"$(inherited)",
					"@executable_path/Frameworks",
				);
				PRODUCT_BUNDLE_IDENTIFIER = murrayliukkk.AnApple;
				PRODUCT_NAME = "$(TARGET_NAME)";
				SWIFT_VERSION = 5.0;
				TARGETED_DEVICE_FAMILY = "1,2";
			};
			name = Debug;
		};
		723E912A2600A9E6006B70BB /* Release */ = {
			isa = XCBuildConfiguration;
			buildSettings = {
				ASSETCATALOG_COMPILER_APPICON_NAME = AppIcon;
				ASSETCATALOG_COMPILER_GLOBAL_ACCENT_COLOR_NAME = AccentColor;
				CODE_SIGN_STYLE = Automatic;
				DEVELOPMENT_TEAM = K9ZG3W249U;
				INFOPLIST_FILE = AnApple/Info.plist;
				LD_RUNPATH_SEARCH_PATHS = (
					"$(inherited)",
					"@executable_path/Frameworks",
				);
				PRODUCT_BUNDLE_IDENTIFIER = murrayliukkk.AnApple;
				PRODUCT_NAME = "$(TARGET_NAME)";
				SWIFT_VERSION = 5.0;
				TARGETED_DEVICE_FAMILY = "1,2";
			};
			name = Release;
		};
/* End XCBuildConfiguration section */

/* Begin XCConfigurationList section */
		723E910E2600A9E5006B70BB /* Build configuration list for PBXProject "AnApple" */ = {
			isa = XCConfigurationList;
			buildConfigurations = (
				723E91262600A9E6006B70BB /* Debug */,
				723E91272600A9E6006B70BB /* Release */,
			);
			defaultConfigurationIsVisible = 0;
			defaultConfigurationName = Release;
		};
		723E91282600A9E6006B70BB /* Build configuration list for PBXNativeTarget "AnApple" */ = {
			isa = XCConfigurationList;
			buildConfigurations = (
				723E91292600A9E6006B70BB /* Debug */,
				723E912A2600A9E6006B70BB /* Release */,
			);
			defaultConfigurationIsVisible = 0;
			defaultConfigurationName = Release;
		};
/* End XCConfigurationList section */
	};
	rootObject = 723E910B2600A9E5006B70BB /* Project object */;
}
