// !$*UTF8*$!
{
	archiveVersion = 1;
	classes = {
	};
	objectVersion = 50;
	objects = {

/* Begin PBXBuildFile section */
		720793AD26046F6A002C7689 /* ladder.png in Resources */ = {isa = PBXBuildFile; fileRef = 720793AC26046F6A002C7689 /* ladder.png */; };
		720793B026046FB7002C7689 /* Ladder.swift in Sources */ = {isa = PBXBuildFile; fileRef = 720793AF26046FB7002C7689 /* Ladder.swift */; };
		7209925E260339DB002566D0 /* Home.swift in Sources */ = {isa = PBXBuildFile; fileRef = 7209925D260339DB002566D0 /* Home.swift */; };
		7209926226033FC4002566D0 /* workshopEnterButton.png in Resources */ = {isa = PBXBuildFile; fileRef = 7209926026033FC4002566D0 /* workshopEnterButton.png */; };
		7209926326033FC4002566D0 /* homeEnterButton.png in Resources */ = {isa = PBXBuildFile; fileRef = 7209926126033FC4002566D0 /* homeEnterButton.png */; };
		7209FCDC2601BBC500483536 /* Extension.swift in Sources */ = {isa = PBXBuildFile; fileRef = 7209FCDB2601BBC500483536 /* Extension.swift */; };
		7209FCE02601C0D300483536 /* equipmentBag.png in Resources */ = {isa = PBXBuildFile; fileRef = 7209FCDF2601C0D200483536 /* equipmentBag.png */; };
		7209FCE42601C70A00483536 /* weapon_1.png in Resources */ = {isa = PBXBuildFile; fileRef = 7209FCE32601C70A00483536 /* weapon_1.png */; };
		7209FCE82601C86200483536 /* helmet_1.png in Resources */ = {isa = PBXBuildFile; fileRef = 7209FCE72601C86200483536 /* helmet_1.png */; };
		7209FCEB2601C87500483536 /* armor_1.png in Resources */ = {isa = PBXBuildFile; fileRef = 7209FCEA2601C87500483536 /* armor_1.png */; };
		7209FCEE2601CB1D00483536 /* MSButtonNode.swift in Sources */ = {isa = PBXBuildFile; fileRef = 7209FCED2601CB1D00483536 /* MSButtonNode.swift */; };
		722BD2D72607721E0083B418 /* ToolBoxCard.swift in Sources */ = {isa = PBXBuildFile; fileRef = 722BD2D62607721E0083B418 /* ToolBoxCard.swift */; };
		722BD2DB260772490083B418 /* toolBoxCard.png in Resources */ = {isa = PBXBuildFile; fileRef = 722BD2DA260772490083B418 /* toolBoxCard.png */; };
		722BD2DE260774950083B418 /* ToolBox.swift in Sources */ = {isa = PBXBuildFile; fileRef = 722BD2DD260774950083B418 /* ToolBox.swift */; };
		722BD2E1260774D20083B418 /* toolBox.png in Resources */ = {isa = PBXBuildFile; fileRef = 722BD2E0260774D20083B418 /* toolBox.png */; };
		723E91172600A9E6006B70BB /* AppDelegate.swift in Sources */ = {isa = PBXBuildFile; fileRef = 723E91162600A9E6006B70BB /* AppDelegate.swift */; };
		723E91192600A9E6006B70BB /* GameScene.sks in Resources */ = {isa = PBXBuildFile; fileRef = 723E91182600A9E6006B70BB /* GameScene.sks */; };
		723E911B2600A9E6006B70BB /* Actions.sks in Resources */ = {isa = PBXBuildFile; fileRef = 723E911A2600A9E6006B70BB /* Actions.sks */; };
		723E911D2600A9E6006B70BB /* GameScene.swift in Sources */ = {isa = PBXBuildFile; fileRef = 723E911C2600A9E6006B70BB /* GameScene.swift */; };
		723E911F2600A9E6006B70BB /* GameViewController.swift in Sources */ = {isa = PBXBuildFile; fileRef = 723E911E2600A9E6006B70BB /* GameViewController.swift */; };
		723E91222600A9E6006B70BB /* Main.storyboard in Resources */ = {isa = PBXBuildFile; fileRef = 723E91202600A9E6006B70BB /* Main.storyboard */; };
		723E912D2600AC35006B70BB /* Player.swift in Sources */ = {isa = PBXBuildFile; fileRef = 723E912C2600AC35006B70BB /* Player.swift */; };
		723E91412600BA63006B70BB /* nakedAnt_2.png in Resources */ = {isa = PBXBuildFile; fileRef = 723E913E2600BA62006B70BB /* nakedAnt_2.png */; };
		723E91422600BA63006B70BB /* nakedAnt_1.png in Resources */ = {isa = PBXBuildFile; fileRef = 723E913F2600BA63006B70BB /* nakedAnt_1.png */; };
		723E91432600BA63006B70BB /* nakedAnt_3.png in Resources */ = {isa = PBXBuildFile; fileRef = 723E91402600BA63006B70BB /* nakedAnt_3.png */; };
		723E91462600BB1C006B70BB /* PlayerAction.sks in Resources */ = {isa = PBXBuildFile; fileRef = 723E91452600BB1C006B70BB /* PlayerAction.sks */; };
		723E91492600BF65006B70BB /* backGround.png in Resources */ = {isa = PBXBuildFile; fileRef = 723E91482600BF65006B70BB /* backGround.png */; };
		72448E972601D6CF008B13D0 /* life_bg.png in Resources */ = {isa = PBXBuildFile; fileRef = 72448E962601D6CF008B13D0 /* life_bg.png */; };
		72448E9A2601D6EF008B13D0 /* life.png in Resources */ = {isa = PBXBuildFile; fileRef = 72448E992601D6EF008B13D0 /* life.png */; };
		72448E9E2601FFAB008B13D0 /* equipButton.png in Resources */ = {isa = PBXBuildFile; fileRef = 72448E9D2601FFAB008B13D0 /* equipButton.png */; };
		72448EA126020C0F008B13D0 /* shoes_2.png in Resources */ = {isa = PBXBuildFile; fileRef = 72448EA026020C0F008B13D0 /* shoes_2.png */; };
		72448EA426021CBF008B13D0 /* materialBag.png in Resources */ = {isa = PBXBuildFile; fileRef = 72448EA326021CBF008B13D0 /* materialBag.png */; };
		72448EA726021DB7008B13D0 /* apple.png in Resources */ = {isa = PBXBuildFile; fileRef = 72448EA626021DB7008B13D0 /* apple.png */; };
		72690E842607181B0068CEDE /* sun.png in Resources */ = {isa = PBXBuildFile; fileRef = 72690E822607181A0068CEDE /* sun.png */; };
		72690E852607181B0068CEDE /* time_bg.png in Resources */ = {isa = PBXBuildFile; fileRef = 72690E832607181B0068CEDE /* time_bg.png */; };
		72690E912607249C0068CEDE /* Apple.swift in Sources */ = {isa = PBXBuildFile; fileRef = 72690E902607249C0068CEDE /* Apple.swift */; };
		72690E94260726AE0068CEDE /* Flower.swift in Sources */ = {isa = PBXBuildFile; fileRef = 72690E93260726AE0068CEDE /* Flower.swift */; };
		72690E97260727750068CEDE /* WoodBreaker.swift in Sources */ = {isa = PBXBuildFile; fileRef = 72690E96260727750068CEDE /* WoodBreaker.swift */; };
		72690E9A2607284A0068CEDE /* Shoes.swift in Sources */ = {isa = PBXBuildFile; fileRef = 72690E992607284A0068CEDE /* Shoes.swift */; };
		72690E9D26072BAF0068CEDE /* Weapon.swift in Sources */ = {isa = PBXBuildFile; fileRef = 72690E9C26072BAF0068CEDE /* Weapon.swift */; };
		72690EA026072C400068CEDE /* Armor.swift in Sources */ = {isa = PBXBuildFile; fileRef = 72690E9F26072C400068CEDE /* Armor.swift */; };
		72690EA326072C690068CEDE /* Pants.swift in Sources */ = {isa = PBXBuildFile; fileRef = 72690EA226072C690068CEDE /* Pants.swift */; };
		72690EA626072C900068CEDE /* Helmet.swift in Sources */ = {isa = PBXBuildFile; fileRef = 72690EA526072C900068CEDE /* Helmet.swift */; };
		72690EA926072EB20068CEDE /* seed.png in Resources */ = {isa = PBXBuildFile; fileRef = 72690EA826072EB20068CEDE /* seed.png */; };
		72690EAC26072EE60068CEDE /* egg.png in Resources */ = {isa = PBXBuildFile; fileRef = 72690EAB26072EE60068CEDE /* egg.png */; };
		72690EB026072F320068CEDE /* woodBreaker.png in Resources */ = {isa = PBXBuildFile; fileRef = 72690EAF26072F320068CEDE /* woodBreaker.png */; };
		72690EB326072F6D0068CEDE /* stoneBreaker.png in Resources */ = {isa = PBXBuildFile; fileRef = 72690EB226072F6D0068CEDE /* stoneBreaker.png */; };
		72690EB626072F830068CEDE /* Seed.swift in Sources */ = {isa = PBXBuildFile; fileRef = 72690EB526072F830068CEDE /* Seed.swift */; };
		72690EB926072FE30068CEDE /* Egg.swift in Sources */ = {isa = PBXBuildFile; fileRef = 72690EB826072FE30068CEDE /* Egg.swift */; };
		7288D03426023D310051C735 /* plantCardBag.png in Resources */ = {isa = PBXBuildFile; fileRef = 7288D03326023D310051C735 /* plantCardBag.png */; };
		728F71C52603BCB60065AE90 /* vine.png in Resources */ = {isa = PBXBuildFile; fileRef = 728F71C42603BCB60065AE90 /* vine.png */; };
		728F71C82603BE740065AE90 /* dirtBackGround.png in Resources */ = {isa = PBXBuildFile; fileRef = 728F71C72603BE740065AE90 /* dirtBackGround.png */; };
		728F71CB2603BF350065AE90 /* GridXY.swift in Sources */ = {isa = PBXBuildFile; fileRef = 728F71CA2603BF350065AE90 /* GridXY.swift */; };
		7294DB1926073BD7002F02EC /* flower.png in Resources */ = {isa = PBXBuildFile; fileRef = 7294DB1826073BD7002F02EC /* flower.png */; };
		7294DB1D26073CE1002F02EC /* home.png in Resources */ = {isa = PBXBuildFile; fileRef = 7294DB1C26073CE1002F02EC /* home.png */; };
		7294DB2126073D1D002F02EC /* StoneBreaker.swift in Sources */ = {isa = PBXBuildFile; fileRef = 7294DB2026073D1D002F02EC /* StoneBreaker.swift */; };
		7294DB28260749F4002F02EC /* workshop.png in Resources */ = {isa = PBXBuildFile; fileRef = 7294DB27260749F4002F02EC /* workshop.png */; };
		729E0770260357F7008929D2 /* tree.png in Resources */ = {isa = PBXBuildFile; fileRef = 729E076F260357F7008929D2 /* tree.png */; };
		729E077726035A08008929D2 /* arrow.png in Resources */ = {isa = PBXBuildFile; fileRef = 729E077626035A08008929D2 /* arrow.png */; };
		729E077A26035C80008929D2 /* TreeScene.swift in Sources */ = {isa = PBXBuildFile; fileRef = 729E077926035C80008929D2 /* TreeScene.swift */; };
		729E077D26035CAC008929D2 /* TreeScene.sks in Resources */ = {isa = PBXBuildFile; fileRef = 729E077C26035CAC008929D2 /* TreeScene.sks */; };
		729E078026035D8E008929D2 /* treeScene.png in Resources */ = {isa = PBXBuildFile; fileRef = 729E077F26035D8E008929D2 /* treeScene.png */; };
		72A456AB2603C258003BF6DF /* digger.png in Resources */ = {isa = PBXBuildFile; fileRef = 72A456AA2603C258003BF6DF /* digger.png */; };
		72A456AF2603C74E003BF6DF /* Digger.swift in Sources */ = {isa = PBXBuildFile; fileRef = 72A456AE2603C74E003BF6DF /* Digger.swift */; };
		72C5E7042604B5C400390FC4 /* antClimb_2.png in Resources */ = {isa = PBXBuildFile; fileRef = 72C5E7022604B5C400390FC4 /* antClimb_2.png */; };
		72C5E7052604B5C400390FC4 /* antClimb_1.png in Resources */ = {isa = PBXBuildFile; fileRef = 72C5E7032604B5C400390FC4 /* antClimb_1.png */; };
		72C5E7082604DFCB00390FC4 /* FightScreen.swift in Sources */ = {isa = PBXBuildFile; fileRef = 72C5E7072604DFCB00390FC4 /* FightScreen.swift */; };
		72CBB7DE2601B67C003687F9 /* storageBag.png in Resources */ = {isa = PBXBuildFile; fileRef = 72CBB7DD2601B67C003687F9 /* storageBag.png */; };
		72CC85812602627700F47B9C /* helmet_2.png in Resources */ = {isa = PBXBuildFile; fileRef = 72CC85802602627700F47B9C /* helmet_2.png */; };
		72CC85852602628500F47B9C /* weapon_2.png in Resources */ = {isa = PBXBuildFile; fileRef = 72CC85832602628500F47B9C /* weapon_2.png */; };
		72CC85862602628500F47B9C /* armor_2.png in Resources */ = {isa = PBXBuildFile; fileRef = 72CC85842602628500F47B9C /* armor_2.png */; };
		72D0294D2603A319008EF98A /* GroundNode.swift in Sources */ = {isa = PBXBuildFile; fileRef = 72D0294C2603A319008EF98A /* GroundNode.swift */; };
		72D029532603A342008EF98A /* Wood.swift in Sources */ = {isa = PBXBuildFile; fileRef = 72D029502603A342008EF98A /* Wood.swift */; };
		72D029542603A342008EF98A /* Dirt.swift in Sources */ = {isa = PBXBuildFile; fileRef = 72D029512603A342008EF98A /* Dirt.swift */; };
		72D029552603A342008EF98A /* Rock.swift in Sources */ = {isa = PBXBuildFile; fileRef = 72D029522603A342008EF98A /* Rock.swift */; };
		72D0295A2603A4BF008EF98A /* dirt.png in Resources */ = {isa = PBXBuildFile; fileRef = 72D029572603A4BF008EF98A /* dirt.png */; };
		72D0295B2603A4BF008EF98A /* rock.png in Resources */ = {isa = PBXBuildFile; fileRef = 72D029582603A4BF008EF98A /* rock.png */; };
		72D0295C2603A4BF008EF98A /* wood.png in Resources */ = {isa = PBXBuildFile; fileRef = 72D029592603A4BF008EF98A /* wood.png */; };
		72D029602603A645008EF98A /* Furry.swift in Sources */ = {isa = PBXBuildFile; fileRef = 72D0295E2603A645008EF98A /* Furry.swift */; };
		72D029612603A645008EF98A /* Monster.swift in Sources */ = {isa = PBXBuildFile; fileRef = 72D0295F2603A645008EF98A /* Monster.swift */; };
		72D029642603A6AB008EF98A /* furry.png in Resources */ = {isa = PBXBuildFile; fileRef = 72D029632603A6AB008EF98A /* furry.png */; };
		72D0BA812600FB8A000FE1B9 /* EquipmentList.swift in Sources */ = {isa = PBXBuildFile; fileRef = 72D0BA802600FB8A000FE1B9 /* EquipmentList.swift */; };
		72D0BA842600FB96000FE1B9 /* MaterialList.swift in Sources */ = {isa = PBXBuildFile; fileRef = 72D0BA832600FB96000FE1B9 /* MaterialList.swift */; };
		72D0BA872600FBA7000FE1B9 /* PlantCardList.swift in Sources */ = {isa = PBXBuildFile; fileRef = 72D0BA862600FBA7000FE1B9 /* PlantCardList.swift */; };
		72D0BA8B2600FBDD000FE1B9 /* Equipment.swift in Sources */ = {isa = PBXBuildFile; fileRef = 72D0BA8A2600FBDD000FE1B9 /* Equipment.swift */; };
		72D0BA8E2600FBEB000FE1B9 /* Material.swift in Sources */ = {isa = PBXBuildFile; fileRef = 72D0BA8D2600FBEB000FE1B9 /* Material.swift */; };
		72D0BA912600FBF9000FE1B9 /* PlantCard.swift in Sources */ = {isa = PBXBuildFile; fileRef = 72D0BA902600FBF9000FE1B9 /* PlantCard.swift */; };
		72D0BA942601016D000FE1B9 /* shoes_1.png in Resources */ = {isa = PBXBuildFile; fileRef = 72D0BA932601016D000FE1B9 /* shoes_1.png */; };
		72D0BA97260106A4000FE1B9 /* Ability.swift in Sources */ = {isa = PBXBuildFile; fileRef = 72D0BA96260106A4000FE1B9 /* Ability.swift */; };
		72D0BA9B26010772000FE1B9 /* MaterialBag.swift in Sources */ = {isa = PBXBuildFile; fileRef = 72D0BA9A26010771000FE1B9 /* MaterialBag.swift */; };
		72D0BA9E26010783000FE1B9 /* StorageBag.swift in Sources */ = {isa = PBXBuildFile; fileRef = 72D0BA9D26010783000FE1B9 /* StorageBag.swift */; };
		72D0BAA126010792000FE1B9 /* EquipmentBag.swift in Sources */ = {isa = PBXBuildFile; fileRef = 72D0BAA026010792000FE1B9 /* EquipmentBag.swift */; };
		72D0BAA5260107A7000FE1B9 /* PlantCardBag.swift in Sources */ = {isa = PBXBuildFile; fileRef = 72D0BAA4260107A7000FE1B9 /* PlantCardBag.swift */; };
/* End PBXBuildFile section */

/* Begin PBXFileReference section */
		720793AC26046F6A002C7689 /* ladder.png */ = {isa = PBXFileReference; lastKnownFileType = image.png; path = ladder.png; sourceTree = "<group>"; };
		720793AF26046FB7002C7689 /* Ladder.swift */ = {isa = PBXFileReference; lastKnownFileType = sourcecode.swift; path = Ladder.swift; sourceTree = "<group>"; };
		7209925D260339DB002566D0 /* Home.swift */ = {isa = PBXFileReference; lastKnownFileType = sourcecode.swift; path = Home.swift; sourceTree = "<group>"; };
		7209926026033FC4002566D0 /* workshopEnterButton.png */ = {isa = PBXFileReference; lastKnownFileType = image.png; path = workshopEnterButton.png; sourceTree = "<group>"; };
		7209926126033FC4002566D0 /* homeEnterButton.png */ = {isa = PBXFileReference; lastKnownFileType = image.png; path = homeEnterButton.png; sourceTree = "<group>"; };
		7209FCDB2601BBC500483536 /* Extension.swift */ = {isa = PBXFileReference; fileEncoding = 4; lastKnownFileType = sourcecode.swift; path = Extension.swift; sourceTree = "<group>"; };
		7209FCDF2601C0D200483536 /* equipmentBag.png */ = {isa = PBXFileReference; lastKnownFileType = image.png; path = equipmentBag.png; sourceTree = "<group>"; };
		7209FCE32601C70A00483536 /* weapon_1.png */ = {isa = PBXFileReference; lastKnownFileType = image.png; path = weapon_1.png; sourceTree = "<group>"; };
		7209FCE72601C86200483536 /* helmet_1.png */ = {isa = PBXFileReference; lastKnownFileType = image.png; path = helmet_1.png; sourceTree = "<group>"; };
		7209FCEA2601C87500483536 /* armor_1.png */ = {isa = PBXFileReference; lastKnownFileType = image.png; path = armor_1.png; sourceTree = "<group>"; };
		7209FCED2601CB1D00483536 /* MSButtonNode.swift */ = {isa = PBXFileReference; fileEncoding = 4; lastKnownFileType = sourcecode.swift; path = MSButtonNode.swift; sourceTree = "<group>"; };
		722BD2D62607721E0083B418 /* ToolBoxCard.swift */ = {isa = PBXFileReference; lastKnownFileType = sourcecode.swift; path = ToolBoxCard.swift; sourceTree = "<group>"; };
		722BD2DA260772490083B418 /* toolBoxCard.png */ = {isa = PBXFileReference; lastKnownFileType = image.png; path = toolBoxCard.png; sourceTree = "<group>"; };
		722BD2DD260774950083B418 /* ToolBox.swift */ = {isa = PBXFileReference; lastKnownFileType = sourcecode.swift; path = ToolBox.swift; sourceTree = "<group>"; };
		722BD2E0260774D20083B418 /* toolBox.png */ = {isa = PBXFileReference; lastKnownFileType = image.png; path = toolBox.png; sourceTree = "<group>"; };
		723E91132600A9E6006B70BB /* AnApple.app */ = {isa = PBXFileReference; explicitFileType = wrapper.application; includeInIndex = 0; path = AnApple.app; sourceTree = BUILT_PRODUCTS_DIR; };
		723E91162600A9E6006B70BB /* AppDelegate.swift */ = {isa = PBXFileReference; lastKnownFileType = sourcecode.swift; path = AppDelegate.swift; sourceTree = "<group>"; };
		723E91182600A9E6006B70BB /* GameScene.sks */ = {isa = PBXFileReference; lastKnownFileType = file.sks; path = GameScene.sks; sourceTree = "<group>"; };
		723E911A2600A9E6006B70BB /* Actions.sks */ = {isa = PBXFileReference; lastKnownFileType = file.sks; path = Actions.sks; sourceTree = "<group>"; };
		723E911C2600A9E6006B70BB /* GameScene.swift */ = {isa = PBXFileReference; lastKnownFileType = sourcecode.swift; path = GameScene.swift; sourceTree = "<group>"; };
		723E911E2600A9E6006B70BB /* GameViewController.swift */ = {isa = PBXFileReference; lastKnownFileType = sourcecode.swift; path = GameViewController.swift; sourceTree = "<group>"; };
		723E91212600A9E6006B70BB /* Base */ = {isa = PBXFileReference; lastKnownFileType = file.storyboard; name = Base; path = Base.lproj/Main.storyboard; sourceTree = "<group>"; };
		723E91252600A9E6006B70BB /* Info.plist */ = {isa = PBXFileReference; lastKnownFileType = text.plist.xml; path = Info.plist; sourceTree = "<group>"; };
		723E912C2600AC35006B70BB /* Player.swift */ = {isa = PBXFileReference; lastKnownFileType = sourcecode.swift; path = Player.swift; sourceTree = "<group>"; };
		723E913E2600BA62006B70BB /* nakedAnt_2.png */ = {isa = PBXFileReference; lastKnownFileType = image.png; path = nakedAnt_2.png; sourceTree = "<group>"; };
		723E913F2600BA63006B70BB /* nakedAnt_1.png */ = {isa = PBXFileReference; lastKnownFileType = image.png; path = nakedAnt_1.png; sourceTree = "<group>"; };
		723E91402600BA63006B70BB /* nakedAnt_3.png */ = {isa = PBXFileReference; lastKnownFileType = image.png; path = nakedAnt_3.png; sourceTree = "<group>"; };
		723E91452600BB1C006B70BB /* PlayerAction.sks */ = {isa = PBXFileReference; lastKnownFileType = file.sks; path = PlayerAction.sks; sourceTree = "<group>"; };
		723E91482600BF65006B70BB /* backGround.png */ = {isa = PBXFileReference; lastKnownFileType = image.png; path = backGround.png; sourceTree = "<group>"; };
		72448E962601D6CF008B13D0 /* life_bg.png */ = {isa = PBXFileReference; lastKnownFileType = image.png; path = life_bg.png; sourceTree = "<group>"; };
		72448E992601D6EF008B13D0 /* life.png */ = {isa = PBXFileReference; lastKnownFileType = image.png; path = life.png; sourceTree = "<group>"; };
		72448E9D2601FFAB008B13D0 /* equipButton.png */ = {isa = PBXFileReference; lastKnownFileType = image.png; path = equipButton.png; sourceTree = "<group>"; };
		72448EA026020C0F008B13D0 /* shoes_2.png */ = {isa = PBXFileReference; lastKnownFileType = image.png; path = shoes_2.png; sourceTree = "<group>"; };
		72448EA326021CBF008B13D0 /* materialBag.png */ = {isa = PBXFileReference; lastKnownFileType = image.png; path = materialBag.png; sourceTree = "<group>"; };
		72448EA626021DB7008B13D0 /* apple.png */ = {isa = PBXFileReference; lastKnownFileType = image.png; path = apple.png; sourceTree = "<group>"; };
		72690E822607181A0068CEDE /* sun.png */ = {isa = PBXFileReference; lastKnownFileType = image.png; path = sun.png; sourceTree = "<group>"; };
		72690E832607181B0068CEDE /* time_bg.png */ = {isa = PBXFileReference; lastKnownFileType = image.png; path = time_bg.png; sourceTree = "<group>"; };
		72690E902607249C0068CEDE /* Apple.swift */ = {isa = PBXFileReference; lastKnownFileType = sourcecode.swift; path = Apple.swift; sourceTree = "<group>"; };
		72690E93260726AE0068CEDE /* Flower.swift */ = {isa = PBXFileReference; lastKnownFileType = sourcecode.swift; path = Flower.swift; sourceTree = "<group>"; };
		72690E96260727750068CEDE /* WoodBreaker.swift */ = {isa = PBXFileReference; lastKnownFileType = sourcecode.swift; path = WoodBreaker.swift; sourceTree = "<group>"; };
		72690E992607284A0068CEDE /* Shoes.swift */ = {isa = PBXFileReference; lastKnownFileType = sourcecode.swift; path = Shoes.swift; sourceTree = "<group>"; };
		72690E9C26072BAF0068CEDE /* Weapon.swift */ = {isa = PBXFileReference; lastKnownFileType = sourcecode.swift; path = Weapon.swift; sourceTree = "<group>"; };
		72690E9F26072C400068CEDE /* Armor.swift */ = {isa = PBXFileReference; lastKnownFileType = sourcecode.swift; path = Armor.swift; sourceTree = "<group>"; };
		72690EA226072C690068CEDE /* Pants.swift */ = {isa = PBXFileReference; lastKnownFileType = sourcecode.swift; path = Pants.swift; sourceTree = "<group>"; };
		72690EA526072C900068CEDE /* Helmet.swift */ = {isa = PBXFileReference; lastKnownFileType = sourcecode.swift; path = Helmet.swift; sourceTree = "<group>"; };
		72690EA826072EB20068CEDE /* seed.png */ = {isa = PBXFileReference; lastKnownFileType = image.png; path = seed.png; sourceTree = "<group>"; };
		72690EAB26072EE60068CEDE /* egg.png */ = {isa = PBXFileReference; lastKnownFileType = image.png; path = egg.png; sourceTree = "<group>"; };
		72690EAF26072F320068CEDE /* woodBreaker.png */ = {isa = PBXFileReference; lastKnownFileType = image.png; path = woodBreaker.png; sourceTree = "<group>"; };
		72690EB226072F6D0068CEDE /* stoneBreaker.png */ = {isa = PBXFileReference; lastKnownFileType = image.png; path = stoneBreaker.png; sourceTree = "<group>"; };
		72690EB526072F830068CEDE /* Seed.swift */ = {isa = PBXFileReference; lastKnownFileType = sourcecode.swift; path = Seed.swift; sourceTree = "<group>"; };
		72690EB826072FE30068CEDE /* Egg.swift */ = {isa = PBXFileReference; lastKnownFileType = sourcecode.swift; path = Egg.swift; sourceTree = "<group>"; };
		7288D03326023D310051C735 /* plantCardBag.png */ = {isa = PBXFileReference; lastKnownFileType = image.png; path = plantCardBag.png; sourceTree = "<group>"; };
		728F71C42603BCB60065AE90 /* vine.png */ = {isa = PBXFileReference; lastKnownFileType = image.png; path = vine.png; sourceTree = "<group>"; };
		728F71C72603BE740065AE90 /* dirtBackGround.png */ = {isa = PBXFileReference; lastKnownFileType = image.png; path = dirtBackGround.png; sourceTree = "<group>"; };
		728F71CA2603BF350065AE90 /* GridXY.swift */ = {isa = PBXFileReference; lastKnownFileType = sourcecode.swift; path = GridXY.swift; sourceTree = "<group>"; };
		7294DB1826073BD7002F02EC /* flower.png */ = {isa = PBXFileReference; lastKnownFileType = image.png; path = flower.png; sourceTree = "<group>"; };
		7294DB1C26073CE1002F02EC /* home.png */ = {isa = PBXFileReference; lastKnownFileType = image.png; path = home.png; sourceTree = "<group>"; };
		7294DB2026073D1D002F02EC /* StoneBreaker.swift */ = {isa = PBXFileReference; lastKnownFileType = sourcecode.swift; path = StoneBreaker.swift; sourceTree = "<group>"; };
		7294DB27260749F4002F02EC /* workshop.png */ = {isa = PBXFileReference; lastKnownFileType = image.png; path = workshop.png; sourceTree = "<group>"; };
		729E076F260357F7008929D2 /* tree.png */ = {isa = PBXFileReference; lastKnownFileType = image.png; path = tree.png; sourceTree = "<group>"; };
		729E077626035A08008929D2 /* arrow.png */ = {isa = PBXFileReference; lastKnownFileType = image.png; path = arrow.png; sourceTree = "<group>"; };
		729E077926035C80008929D2 /* TreeScene.swift */ = {isa = PBXFileReference; lastKnownFileType = sourcecode.swift; path = TreeScene.swift; sourceTree = "<group>"; };
		729E077C26035CAC008929D2 /* TreeScene.sks */ = {isa = PBXFileReference; lastKnownFileType = file.sks; path = TreeScene.sks; sourceTree = "<group>"; };
		729E077F26035D8E008929D2 /* treeScene.png */ = {isa = PBXFileReference; lastKnownFileType = image.png; path = treeScene.png; sourceTree = "<group>"; };
		72A456AA2603C258003BF6DF /* digger.png */ = {isa = PBXFileReference; lastKnownFileType = image.png; path = digger.png; sourceTree = "<group>"; };
		72A456AE2603C74E003BF6DF /* Digger.swift */ = {isa = PBXFileReference; lastKnownFileType = sourcecode.swift; path = Digger.swift; sourceTree = "<group>"; };
		72C5E7022604B5C400390FC4 /* antClimb_2.png */ = {isa = PBXFileReference; lastKnownFileType = image.png; path = antClimb_2.png; sourceTree = "<group>"; };
		72C5E7032604B5C400390FC4 /* antClimb_1.png */ = {isa = PBXFileReference; lastKnownFileType = image.png; path = antClimb_1.png; sourceTree = "<group>"; };
		72C5E7072604DFCB00390FC4 /* FightScreen.swift */ = {isa = PBXFileReference; lastKnownFileType = sourcecode.swift; path = FightScreen.swift; sourceTree = "<group>"; };
		72CBB7DD2601B67C003687F9 /* storageBag.png */ = {isa = PBXFileReference; lastKnownFileType = image.png; path = storageBag.png; sourceTree = "<group>"; };
		72CC85802602627700F47B9C /* helmet_2.png */ = {isa = PBXFileReference; lastKnownFileType = image.png; path = helmet_2.png; sourceTree = "<group>"; };
		72CC85832602628500F47B9C /* weapon_2.png */ = {isa = PBXFileReference; lastKnownFileType = image.png; path = weapon_2.png; sourceTree = "<group>"; };
		72CC85842602628500F47B9C /* armor_2.png */ = {isa = PBXFileReference; lastKnownFileType = image.png; path = armor_2.png; sourceTree = "<group>"; };
		72D0294C2603A319008EF98A /* GroundNode.swift */ = {isa = PBXFileReference; fileEncoding = 4; lastKnownFileType = sourcecode.swift; path = GroundNode.swift; sourceTree = "<group>"; };
		72D029502603A342008EF98A /* Wood.swift */ = {isa = PBXFileReference; fileEncoding = 4; lastKnownFileType = sourcecode.swift; path = Wood.swift; sourceTree = "<group>"; };
		72D029512603A342008EF98A /* Dirt.swift */ = {isa = PBXFileReference; fileEncoding = 4; lastKnownFileType = sourcecode.swift; path = Dirt.swift; sourceTree = "<group>"; };
		72D029522603A342008EF98A /* Rock.swift */ = {isa = PBXFileReference; fileEncoding = 4; lastKnownFileType = sourcecode.swift; path = Rock.swift; sourceTree = "<group>"; };
		72D029572603A4BF008EF98A /* dirt.png */ = {isa = PBXFileReference; lastKnownFileType = image.png; path = dirt.png; sourceTree = "<group>"; };
		72D029582603A4BF008EF98A /* rock.png */ = {isa = PBXFileReference; lastKnownFileType = image.png; path = rock.png; sourceTree = "<group>"; };
		72D029592603A4BF008EF98A /* wood.png */ = {isa = PBXFileReference; lastKnownFileType = image.png; path = wood.png; sourceTree = "<group>"; };
		72D0295E2603A645008EF98A /* Furry.swift */ = {isa = PBXFileReference; fileEncoding = 4; lastKnownFileType = sourcecode.swift; path = Furry.swift; sourceTree = "<group>"; };
		72D0295F2603A645008EF98A /* Monster.swift */ = {isa = PBXFileReference; fileEncoding = 4; lastKnownFileType = sourcecode.swift; path = Monster.swift; sourceTree = "<group>"; };
		72D029632603A6AB008EF98A /* furry.png */ = {isa = PBXFileReference; lastKnownFileType = image.png; path = furry.png; sourceTree = "<group>"; };
		72D0BA802600FB8A000FE1B9 /* EquipmentList.swift */ = {isa = PBXFileReference; lastKnownFileType = sourcecode.swift; path = EquipmentList.swift; sourceTree = "<group>"; };
		72D0BA832600FB96000FE1B9 /* MaterialList.swift */ = {isa = PBXFileReference; lastKnownFileType = sourcecode.swift; path = MaterialList.swift; sourceTree = "<group>"; };
		72D0BA862600FBA7000FE1B9 /* PlantCardList.swift */ = {isa = PBXFileReference; lastKnownFileType = sourcecode.swift; path = PlantCardList.swift; sourceTree = "<group>"; };
		72D0BA8A2600FBDD000FE1B9 /* Equipment.swift */ = {isa = PBXFileReference; lastKnownFileType = sourcecode.swift; path = Equipment.swift; sourceTree = "<group>"; };
		72D0BA8D2600FBEB000FE1B9 /* Material.swift */ = {isa = PBXFileReference; lastKnownFileType = sourcecode.swift; path = Material.swift; sourceTree = "<group>"; };
		72D0BA902600FBF9000FE1B9 /* PlantCard.swift */ = {isa = PBXFileReference; lastKnownFileType = sourcecode.swift; path = PlantCard.swift; sourceTree = "<group>"; };
		72D0BA932601016D000FE1B9 /* shoes_1.png */ = {isa = PBXFileReference; lastKnownFileType = image.png; path = shoes_1.png; sourceTree = "<group>"; };
		72D0BA96260106A4000FE1B9 /* Ability.swift */ = {isa = PBXFileReference; lastKnownFileType = sourcecode.swift; path = Ability.swift; sourceTree = "<group>"; };
		72D0BA9A26010771000FE1B9 /* MaterialBag.swift */ = {isa = PBXFileReference; lastKnownFileType = sourcecode.swift; path = MaterialBag.swift; sourceTree = "<group>"; };
		72D0BA9D26010783000FE1B9 /* StorageBag.swift */ = {isa = PBXFileReference; lastKnownFileType = sourcecode.swift; path = StorageBag.swift; sourceTree = "<group>"; };
		72D0BAA026010792000FE1B9 /* EquipmentBag.swift */ = {isa = PBXFileReference; lastKnownFileType = sourcecode.swift; path = EquipmentBag.swift; sourceTree = "<group>"; };
		72D0BAA4260107A7000FE1B9 /* PlantCardBag.swift */ = {isa = PBXFileReference; lastKnownFileType = sourcecode.swift; path = PlantCardBag.swift; sourceTree = "<group>"; };
/* End PBXFileReference section */

/* Begin PBXFrameworksBuildPhase section */
		723E91102600A9E5006B70BB /* Frameworks */ = {
			isa = PBXFrameworksBuildPhase;
			buildActionMask = 2147483647;
			files = (
			);
			runOnlyForDeploymentPostprocessing = 0;
		};
/* End PBXFrameworksBuildPhase section */

/* Begin PBXGroup section */
		72176B3B26039ABD0050A260 /* Other */ = {
			isa = PBXGroup;
			children = (
				72D0BA832600FB96000FE1B9 /* MaterialList.swift */,
				7209FCDB2601BBC500483536 /* Extension.swift */,
				723E91202600A9E6006B70BB /* Main.storyboard */,
				72D0BA862600FBA7000FE1B9 /* PlantCardList.swift */,
				723E911E2600A9E6006B70BB /* GameViewController.swift */,
				723E91162600A9E6006B70BB /* AppDelegate.swift */,
			);
			path = Other;
			sourceTree = "<group>";
		};
		723E910A2600A9E5006B70BB = {
			isa = PBXGroup;
			children = (
				72690E8E260724000068CEDE /* Ground */,
				72690E8D260723F50068CEDE /* Monster */,
				72690E8C260723B40068CEDE /* Equipment */,
				72690E8B260723860068CEDE /* PlantCard */,
				72690E8A2607234E0068CEDE /* Material */,
				72D0294F2603A31F008EF98A /* Tree */,
				72176B3B26039ABD0050A260 /* Other */,
				7247909A2603167700D4D70A /* ActionFile */,
				723E914D2600CE00006B70BB /* Player */,
				723E91332600B4E7006B70BB /* assets.atlas */,
				723E91152600A9E6006B70BB /* AnApple */,
				723E91142600A9E6006B70BB /* Products */,
			);
			sourceTree = "<group>";
		};
		723E91142600A9E6006B70BB /* Products */ = {
			isa = PBXGroup;
			children = (
				723E91132600A9E6006B70BB /* AnApple.app */,
			);
			name = Products;
			sourceTree = "<group>";
		};
		723E91152600A9E6006B70BB /* AnApple */ = {
			isa = PBXGroup;
			children = (
				723E91182600A9E6006B70BB /* GameScene.sks */,
				7209FCED2601CB1D00483536 /* MSButtonNode.swift */,
				723E91252600A9E6006B70BB /* Info.plist */,
				723E911C2600A9E6006B70BB /* GameScene.swift */,
				7209925D260339DB002566D0 /* Home.swift */,
			);
			path = AnApple;
			sourceTree = "<group>";
		};
		723E91332600B4E7006B70BB /* assets.atlas */ = {
			isa = PBXGroup;
			children = (
				722BD2DA260772490083B418 /* toolBoxCard.png */,
				72690EAB26072EE60068CEDE /* egg.png */,
				722BD2E0260774D20083B418 /* toolBox.png */,
				7294DB27260749F4002F02EC /* workshop.png */,
				72690EA826072EB20068CEDE /* seed.png */,
				72690E822607181A0068CEDE /* sun.png */,
				72690EB226072F6D0068CEDE /* stoneBreaker.png */,
				72690EAF26072F320068CEDE /* woodBreaker.png */,
				72690E832607181B0068CEDE /* time_bg.png */,
				720793AC26046F6A002C7689 /* ladder.png */,
				72A456AA2603C258003BF6DF /* digger.png */,
				728F71C72603BE740065AE90 /* dirtBackGround.png */,
				728F71C42603BCB60065AE90 /* vine.png */,
				72D029632603A6AB008EF98A /* furry.png */,
				729E077F26035D8E008929D2 /* treeScene.png */,
				729E076F260357F7008929D2 /* tree.png */,
				72CC85842602628500F47B9C /* armor_2.png */,
				72D029572603A4BF008EF98A /* dirt.png */,
				72D029582603A4BF008EF98A /* rock.png */,
				72D029592603A4BF008EF98A /* wood.png */,
				729E077626035A08008929D2 /* arrow.png */,
				7294DB1C26073CE1002F02EC /* home.png */,
				72CC85832602628500F47B9C /* weapon_2.png */,
				72CC85802602627700F47B9C /* helmet_2.png */,
				7209926126033FC4002566D0 /* homeEnterButton.png */,
				7209926026033FC4002566D0 /* workshopEnterButton.png */,
				7288D03326023D310051C735 /* plantCardBag.png */,
				72448EA626021DB7008B13D0 /* apple.png */,
				72448EA326021CBF008B13D0 /* materialBag.png */,
				7294DB1826073BD7002F02EC /* flower.png */,
				72448E9D2601FFAB008B13D0 /* equipButton.png */,
				72448E962601D6CF008B13D0 /* life_bg.png */,
				72448E992601D6EF008B13D0 /* life.png */,
				72448EA026020C0F008B13D0 /* shoes_2.png */,
				7209FCDF2601C0D200483536 /* equipmentBag.png */,
				72CBB7DD2601B67C003687F9 /* storageBag.png */,
				7209FCEA2601C87500483536 /* armor_1.png */,
				72C5E7032604B5C400390FC4 /* antClimb_1.png */,
				72C5E7022604B5C400390FC4 /* antClimb_2.png */,
				72D0BA932601016D000FE1B9 /* shoes_1.png */,
				7209FCE72601C86200483536 /* helmet_1.png */,
				723E91482600BF65006B70BB /* backGround.png */,
				723E913F2600BA63006B70BB /* nakedAnt_1.png */,
				723E913E2600BA62006B70BB /* nakedAnt_2.png */,
				723E91402600BA63006B70BB /* nakedAnt_3.png */,
				7209FCE32601C70A00483536 /* weapon_1.png */,
			);
			path = assets.atlas;
			sourceTree = "<group>";
		};
		723E914D2600CE00006B70BB /* Player */ = {
			isa = PBXGroup;
			children = (
				723E912C2600AC35006B70BB /* Player.swift */,
				72D0BA96260106A4000FE1B9 /* Ability.swift */,
			);
			path = Player;
			sourceTree = "<group>";
		};
		7247909A2603167700D4D70A /* ActionFile */ = {
			isa = PBXGroup;
			children = (
				723E91452600BB1C006B70BB /* PlayerAction.sks */,
				723E911A2600A9E6006B70BB /* Actions.sks */,
			);
			path = ActionFile;
			sourceTree = "<group>";
		};
		72690E8A2607234E0068CEDE /* Material */ = {
			isa = PBXGroup;
			children = (
				72D0BA8D2600FBEB000FE1B9 /* Material.swift */,
				72D0BA9A26010771000FE1B9 /* MaterialBag.swift */,
				72690E902607249C0068CEDE /* Apple.swift */,
				72690EB526072F830068CEDE /* Seed.swift */,
				72690EB826072FE30068CEDE /* Egg.swift */,
			);
			path = Material;
			sourceTree = "<group>";
		};
		72690E8B260723860068CEDE /* PlantCard */ = {
			isa = PBXGroup;
			children = (
				72D0BAA4260107A7000FE1B9 /* PlantCardBag.swift */,
				72D0BA902600FBF9000FE1B9 /* PlantCard.swift */,
				72690E93260726AE0068CEDE /* Flower.swift */,
				72690E96260727750068CEDE /* WoodBreaker.swift */,
				7294DB2026073D1D002F02EC /* StoneBreaker.swift */,
				722BD2D62607721E0083B418 /* ToolBoxCard.swift */,
			);
			path = PlantCard;
			sourceTree = "<group>";
		};
		72690E8C260723B40068CEDE /* Equipment */ = {
			isa = PBXGroup;
			children = (
				72D0BA8A2600FBDD000FE1B9 /* Equipment.swift */,
				72D0BAA026010792000FE1B9 /* EquipmentBag.swift */,
				72D0BA802600FB8A000FE1B9 /* EquipmentList.swift */,
				72D0BA9D26010783000FE1B9 /* StorageBag.swift */,
				72690E992607284A0068CEDE /* Shoes.swift */,
				72690E9C26072BAF0068CEDE /* Weapon.swift */,
				72690E9F26072C400068CEDE /* Armor.swift */,
				72690EA226072C690068CEDE /* Pants.swift */,
				72690EA526072C900068CEDE /* Helmet.swift */,
			);
			path = Equipment;
			sourceTree = "<group>";
		};
		72690E8D260723F50068CEDE /* Monster */ = {
			isa = PBXGroup;
			children = (
				72D0295F2603A645008EF98A /* Monster.swift */,
				72D0295E2603A645008EF98A /* Furry.swift */,
			);
			path = Monster;
			sourceTree = "<group>";
		};
		72690E8E260724000068CEDE /* Ground */ = {
			isa = PBXGroup;
			children = (
				72D029512603A342008EF98A /* Dirt.swift */,
				72D029522603A342008EF98A /* Rock.swift */,
				72D029502603A342008EF98A /* Wood.swift */,
				72D0294C2603A319008EF98A /* GroundNode.swift */,
			);
			path = Ground;
			sourceTree = "<group>";
		};
		72D0294F2603A31F008EF98A /* Tree */ = {
			isa = PBXGroup;
			children = (
				729E077926035C80008929D2 /* TreeScene.swift */,
				729E077C26035CAC008929D2 /* TreeScene.sks */,
				728F71CA2603BF350065AE90 /* GridXY.swift */,
				72A456AE2603C74E003BF6DF /* Digger.swift */,
				720793AF26046FB7002C7689 /* Ladder.swift */,
				72C5E7072604DFCB00390FC4 /* FightScreen.swift */,
				722BD2DD260774950083B418 /* ToolBox.swift */,
			);
			path = Tree;
			sourceTree = "<group>";
		};
/* End PBXGroup section */

/* Begin PBXNativeTarget section */
		723E91122600A9E5006B70BB /* AnApple */ = {
			isa = PBXNativeTarget;
			buildConfigurationList = 723E91282600A9E6006B70BB /* Build configuration list for PBXNativeTarget "AnApple" */;
			buildPhases = (
				723E910F2600A9E5006B70BB /* Sources */,
				723E91102600A9E5006B70BB /* Frameworks */,
				723E91112600A9E5006B70BB /* Resources */,
			);
			buildRules = (
			);
			dependencies = (
			);
			name = AnApple;
			productName = AnApple;
			productReference = 723E91132600A9E6006B70BB /* AnApple.app */;
			productType = "com.apple.product-type.application";
		};
/* End PBXNativeTarget section */

/* Begin PBXProject section */
		723E910B2600A9E5006B70BB /* Project object */ = {
			isa = PBXProject;
			attributes = {
				LastSwiftUpdateCheck = 1240;
				LastUpgradeCheck = 1240;
				TargetAttributes = {
					723E91122600A9E5006B70BB = {
						CreatedOnToolsVersion = 12.4;
					};
				};
			};
			buildConfigurationList = 723E910E2600A9E5006B70BB /* Build configuration list for PBXProject "AnApple" */;
			compatibilityVersion = "Xcode 9.3";
			developmentRegion = en;
			hasScannedForEncodings = 0;
			knownRegions = (
				en,
				Base,
			);
			mainGroup = 723E910A2600A9E5006B70BB;
			productRefGroup = 723E91142600A9E6006B70BB /* Products */;
			projectDirPath = "";
			projectRoot = "";
			targets = (
				723E91122600A9E5006B70BB /* AnApple */,
			);
		};
/* End PBXProject section */

/* Begin PBXResourcesBuildPhase section */
		723E91112600A9E5006B70BB /* Resources */ = {
			isa = PBXResourcesBuildPhase;
			buildActionMask = 2147483647;
			files = (
				723E91462600BB1C006B70BB /* PlayerAction.sks in Resources */,
				7209FCE42601C70A00483536 /* weapon_1.png in Resources */,
				723E91222600A9E6006B70BB /* Main.storyboard in Resources */,
				72448EA426021CBF008B13D0 /* materialBag.png in Resources */,
				72448E972601D6CF008B13D0 /* life_bg.png in Resources */,
				723E91432600BA63006B70BB /* nakedAnt_3.png in Resources */,
				723E91412600BA63006B70BB /* nakedAnt_2.png in Resources */,
				722BD2DB260772490083B418 /* toolBoxCard.png in Resources */,
				722BD2E1260774D20083B418 /* toolBox.png in Resources */,
				729E077726035A08008929D2 /* arrow.png in Resources */,
				72690EB326072F6D0068CEDE /* stoneBreaker.png in Resources */,
				72448E9A2601D6EF008B13D0 /* life.png in Resources */,
				72CC85862602628500F47B9C /* armor_2.png in Resources */,
				7209926326033FC4002566D0 /* homeEnterButton.png in Resources */,
				7209FCE02601C0D300483536 /* equipmentBag.png in Resources */,
				72690E842607181B0068CEDE /* sun.png in Resources */,
				72D0BA942601016D000FE1B9 /* shoes_1.png in Resources */,
				7294DB28260749F4002F02EC /* workshop.png in Resources */,
				7288D03426023D310051C735 /* plantCardBag.png in Resources */,
				72448EA726021DB7008B13D0 /* apple.png in Resources */,
				72CC85852602628500F47B9C /* weapon_2.png in Resources */,
				7209FCEB2601C87500483536 /* armor_1.png in Resources */,
				72C5E7042604B5C400390FC4 /* antClimb_2.png in Resources */,
				72D029642603A6AB008EF98A /* furry.png in Resources */,
				729E078026035D8E008929D2 /* treeScene.png in Resources */,
				72448E9E2601FFAB008B13D0 /* equipButton.png in Resources */,
				72690EB026072F320068CEDE /* woodBreaker.png in Resources */,
				7294DB1926073BD7002F02EC /* flower.png in Resources */,
				72D0295C2603A4BF008EF98A /* wood.png in Resources */,
				72CC85812602627700F47B9C /* helmet_2.png in Resources */,
				72C5E7052604B5C400390FC4 /* antClimb_1.png in Resources */,
				723E91192600A9E6006B70BB /* GameScene.sks in Resources */,
				7294DB1D26073CE1002F02EC /* home.png in Resources */,
				72CBB7DE2601B67C003687F9 /* storageBag.png in Resources */,
				720793AD26046F6A002C7689 /* ladder.png in Resources */,
				7209FCE82601C86200483536 /* helmet_1.png in Resources */,
				72A456AB2603C258003BF6DF /* digger.png in Resources */,
				7209926226033FC4002566D0 /* workshopEnterButton.png in Resources */,
				729E0770260357F7008929D2 /* tree.png in Resources */,
				723E911B2600A9E6006B70BB /* Actions.sks in Resources */,
				72D0295A2603A4BF008EF98A /* dirt.png in Resources */,
				728F71C52603BCB60065AE90 /* vine.png in Resources */,
				723E91492600BF65006B70BB /* backGround.png in Resources */,
				728F71C82603BE740065AE90 /* dirtBackGround.png in Resources */,
				72690E852607181B0068CEDE /* time_bg.png in Resources */,
				72D0295B2603A4BF008EF98A /* rock.png in Resources */,
				729E077D26035CAC008929D2 /* TreeScene.sks in Resources */,
				723E91422600BA63006B70BB /* nakedAnt_1.png in Resources */,
				72690EAC26072EE60068CEDE /* egg.png in Resources */,
				72448EA126020C0F008B13D0 /* shoes_2.png in Resources */,
				72690EA926072EB20068CEDE /* seed.png in Resources */,
			);
			runOnlyForDeploymentPostprocessing = 0;
		};
/* End PBXResourcesBuildPhase section */

/* Begin PBXSourcesBuildPhase section */
		723E910F2600A9E5006B70BB /* Sources */ = {
			isa = PBXSourcesBuildPhase;
			buildActionMask = 2147483647;
			files = (
				72690EA326072C690068CEDE /* Pants.swift in Sources */,
				72D029612603A645008EF98A /* Monster.swift in Sources */,
				72690E97260727750068CEDE /* WoodBreaker.swift in Sources */,
				729E077A26035C80008929D2 /* TreeScene.swift in Sources */,
				72D0BA872600FBA7000FE1B9 /* PlantCardList.swift in Sources */,
				72D0BA8E2600FBEB000FE1B9 /* Material.swift in Sources */,
				72D0BA842600FB96000FE1B9 /* MaterialList.swift in Sources */,
				72690EA026072C400068CEDE /* Armor.swift in Sources */,
				72D0BA8B2600FBDD000FE1B9 /* Equipment.swift in Sources */,
				7209925E260339DB002566D0 /* Home.swift in Sources */,
				72D029532603A342008EF98A /* Wood.swift in Sources */,
				723E912D2600AC35006B70BB /* Player.swift in Sources */,
				72690E94260726AE0068CEDE /* Flower.swift in Sources */,
				72D029552603A342008EF98A /* Rock.swift in Sources */,
				72C5E7082604DFCB00390FC4 /* FightScreen.swift in Sources */,
				72D0BA9B26010772000FE1B9 /* MaterialBag.swift in Sources */,
				72D0294D2603A319008EF98A /* GroundNode.swift in Sources */,
				72690E9D26072BAF0068CEDE /* Weapon.swift in Sources */,
				72D029542603A342008EF98A /* Dirt.swift in Sources */,
				72A456AF2603C74E003BF6DF /* Digger.swift in Sources */,
				722BD2D72607721E0083B418 /* ToolBoxCard.swift in Sources */,
				72D0BA812600FB8A000FE1B9 /* EquipmentList.swift in Sources */,
				72690E9A2607284A0068CEDE /* Shoes.swift in Sources */,
				7209FCDC2601BBC500483536 /* Extension.swift in Sources */,
				72D029602603A645008EF98A /* Furry.swift in Sources */,
				728F71CB2603BF350065AE90 /* GridXY.swift in Sources */,
				723E911D2600A9E6006B70BB /* GameScene.swift in Sources */,
				72D0BA9E26010783000FE1B9 /* StorageBag.swift in Sources */,
				7209FCEE2601CB1D00483536 /* MSButtonNode.swift in Sources */,
				72690EB626072F830068CEDE /* Seed.swift in Sources */,
				72D0BA912600FBF9000FE1B9 /* PlantCard.swift in Sources */,
				72D0BAA126010792000FE1B9 /* EquipmentBag.swift in Sources */,
				72690E912607249C0068CEDE /* Apple.swift in Sources */,
				72690EA626072C900068CEDE /* Helmet.swift in Sources */,
				72690EB926072FE30068CEDE /* Egg.swift in Sources */,
				722BD2DE260774950083B418 /* ToolBox.swift in Sources */,
				7294DB2126073D1D002F02EC /* StoneBreaker.swift in Sources */,
				720793B026046FB7002C7689 /* Ladder.swift in Sources */,
				723E911F2600A9E6006B70BB /* GameViewController.swift in Sources */,
				72D0BA97260106A4000FE1B9 /* Ability.swift in Sources */,
				72D0BAA5260107A7000FE1B9 /* PlantCardBag.swift in Sources */,
				723E91172600A9E6006B70BB /* AppDelegate.swift in Sources */,
			);
			runOnlyForDeploymentPostprocessing = 0;
		};
/* End PBXSourcesBuildPhase section */

/* Begin PBXVariantGroup section */
		723E91202600A9E6006B70BB /* Main.storyboard */ = {
			isa = PBXVariantGroup;
			children = (
				723E91212600A9E6006B70BB /* Base */,
			);
			name = Main.storyboard;
			sourceTree = "<group>";
		};
/* End PBXVariantGroup section */

/* Begin XCBuildConfiguration section */
		723E91262600A9E6006B70BB /* Debug */ = {
			isa = XCBuildConfiguration;
			buildSettings = {
				ALWAYS_SEARCH_USER_PATHS = NO;
				CLANG_ANALYZER_NONNULL = YES;
				CLANG_ANALYZER_NUMBER_OBJECT_CONVERSION = YES_AGGRESSIVE;
				CLANG_CXX_LANGUAGE_STANDARD = "gnu++14";
				CLANG_CXX_LIBRARY = "libc++";
				CLANG_ENABLE_MODULES = YES;
				CLANG_ENABLE_OBJC_ARC = YES;
				CLANG_ENABLE_OBJC_WEAK = YES;
				CLANG_WARN_BLOCK_CAPTURE_AUTORELEASING = YES;
				CLANG_WARN_BOOL_CONVERSION = YES;
				CLANG_WARN_COMMA = YES;
				CLANG_WARN_CONSTANT_CONVERSION = YES;
				CLANG_WARN_DEPRECATED_OBJC_IMPLEMENTATIONS = YES;
				CLANG_WARN_DIRECT_OBJC_ISA_USAGE = YES_ERROR;
				CLANG_WARN_DOCUMENTATION_COMMENTS = YES;
				CLANG_WARN_EMPTY_BODY = YES;
				CLANG_WARN_ENUM_CONVERSION = YES;
				CLANG_WARN_INFINITE_RECURSION = YES;
				CLANG_WARN_INT_CONVERSION = YES;
				CLANG_WARN_NON_LITERAL_NULL_CONVERSION = YES;
				CLANG_WARN_OBJC_IMPLICIT_RETAIN_SELF = YES;
				CLANG_WARN_OBJC_LITERAL_CONVERSION = YES;
				CLANG_WARN_OBJC_ROOT_CLASS = YES_ERROR;
				CLANG_WARN_QUOTED_INCLUDE_IN_FRAMEWORK_HEADER = YES;
				CLANG_WARN_RANGE_LOOP_ANALYSIS = YES;
				CLANG_WARN_STRICT_PROTOTYPES = YES;
				CLANG_WARN_SUSPICIOUS_MOVE = YES;
				CLANG_WARN_UNGUARDED_AVAILABILITY = YES_AGGRESSIVE;
				CLANG_WARN_UNREACHABLE_CODE = YES;
				CLANG_WARN__DUPLICATE_METHOD_MATCH = YES;
				COPY_PHASE_STRIP = NO;
				DEBUG_INFORMATION_FORMAT = dwarf;
				ENABLE_STRICT_OBJC_MSGSEND = YES;
				ENABLE_TESTABILITY = YES;
				GCC_C_LANGUAGE_STANDARD = gnu11;
				GCC_DYNAMIC_NO_PIC = NO;
				GCC_NO_COMMON_BLOCKS = YES;
				GCC_OPTIMIZATION_LEVEL = 0;
				GCC_PREPROCESSOR_DEFINITIONS = (
					"DEBUG=1",
					"$(inherited)",
				);
				GCC_WARN_64_TO_32_BIT_CONVERSION = YES;
				GCC_WARN_ABOUT_RETURN_TYPE = YES_ERROR;
				GCC_WARN_UNDECLARED_SELECTOR = YES;
				GCC_WARN_UNINITIALIZED_AUTOS = YES_AGGRESSIVE;
				GCC_WARN_UNUSED_FUNCTION = YES;
				GCC_WARN_UNUSED_VARIABLE = YES;
				IPHONEOS_DEPLOYMENT_TARGET = 14.4;
				MTL_ENABLE_DEBUG_INFO = INCLUDE_SOURCE;
				MTL_FAST_MATH = YES;
				ONLY_ACTIVE_ARCH = YES;
				SDKROOT = iphoneos;
				SWIFT_ACTIVE_COMPILATION_CONDITIONS = DEBUG;
				SWIFT_OPTIMIZATION_LEVEL = "-Onone";
			};
			name = Debug;
		};
		723E91272600A9E6006B70BB /* Release */ = {
			isa = XCBuildConfiguration;
			buildSettings = {
				ALWAYS_SEARCH_USER_PATHS = NO;
				CLANG_ANALYZER_NONNULL = YES;
				CLANG_ANALYZER_NUMBER_OBJECT_CONVERSION = YES_AGGRESSIVE;
				CLANG_CXX_LANGUAGE_STANDARD = "gnu++14";
				CLANG_CXX_LIBRARY = "libc++";
				CLANG_ENABLE_MODULES = YES;
				CLANG_ENABLE_OBJC_ARC = YES;
				CLANG_ENABLE_OBJC_WEAK = YES;
				CLANG_WARN_BLOCK_CAPTURE_AUTORELEASING = YES;
				CLANG_WARN_BOOL_CONVERSION = YES;
				CLANG_WARN_COMMA = YES;
				CLANG_WARN_CONSTANT_CONVERSION = YES;
				CLANG_WARN_DEPRECATED_OBJC_IMPLEMENTATIONS = YES;
				CLANG_WARN_DIRECT_OBJC_ISA_USAGE = YES_ERROR;
				CLANG_WARN_DOCUMENTATION_COMMENTS = YES;
				CLANG_WARN_EMPTY_BODY = YES;
				CLANG_WARN_ENUM_CONVERSION = YES;
				CLANG_WARN_INFINITE_RECURSION = YES;
				CLANG_WARN_INT_CONVERSION = YES;
				CLANG_WARN_NON_LITERAL_NULL_CONVERSION = YES;
				CLANG_WARN_OBJC_IMPLICIT_RETAIN_SELF = YES;
				CLANG_WARN_OBJC_LITERAL_CONVERSION = YES;
				CLANG_WARN_OBJC_ROOT_CLASS = YES_ERROR;
				CLANG_WARN_QUOTED_INCLUDE_IN_FRAMEWORK_HEADER = YES;
				CLANG_WARN_RANGE_LOOP_ANALYSIS = YES;
				CLANG_WARN_STRICT_PROTOTYPES = YES;
				CLANG_WARN_SUSPICIOUS_MOVE = YES;
				CLANG_WARN_UNGUARDED_AVAILABILITY = YES_AGGRESSIVE;
				CLANG_WARN_UNREACHABLE_CODE = YES;
				CLANG_WARN__DUPLICATE_METHOD_MATCH = YES;
				COPY_PHASE_STRIP = NO;
				DEBUG_INFORMATION_FORMAT = "dwarf-with-dsym";
				ENABLE_NS_ASSERTIONS = NO;
				ENABLE_STRICT_OBJC_MSGSEND = YES;
				GCC_C_LANGUAGE_STANDARD = gnu11;
				GCC_NO_COMMON_BLOCKS = YES;
				GCC_WARN_64_TO_32_BIT_CONVERSION = YES;
				GCC_WARN_ABOUT_RETURN_TYPE = YES_ERROR;
				GCC_WARN_UNDECLARED_SELECTOR = YES;
				GCC_WARN_UNINITIALIZED_AUTOS = YES_AGGRESSIVE;
				GCC_WARN_UNUSED_FUNCTION = YES;
				GCC_WARN_UNUSED_VARIABLE = YES;
				IPHONEOS_DEPLOYMENT_TARGET = 14.4;
				MTL_ENABLE_DEBUG_INFO = NO;
				MTL_FAST_MATH = YES;
				SDKROOT = iphoneos;
				SWIFT_COMPILATION_MODE = wholemodule;
				SWIFT_OPTIMIZATION_LEVEL = "-O";
				VALIDATE_PRODUCT = YES;
			};
			name = Release;
		};
		723E91292600A9E6006B70BB /* Debug */ = {
			isa = XCBuildConfiguration;
			buildSettings = {
				ASSETCATALOG_COMPILER_APPICON_NAME = AppIcon;
				ASSETCATALOG_COMPILER_GLOBAL_ACCENT_COLOR_NAME = AccentColor;
				CODE_SIGN_STYLE = Automatic;
				DEVELOPMENT_TEAM = K9ZG3W249U;
				INFOPLIST_FILE = AnApple/Info.plist;
				LD_RUNPATH_SEARCH_PATHS = (
					"$(inherited)",
					"@executable_path/Frameworks",
				);
				PRODUCT_BUNDLE_IDENTIFIER = murrayliukkk.AnApple;
				PRODUCT_NAME = "$(TARGET_NAME)";
				SWIFT_VERSION = 5.0;
				TARGETED_DEVICE_FAMILY = "1,2";
			};
			name = Debug;
		};
		723E912A2600A9E6006B70BB /* Release */ = {
			isa = XCBuildConfiguration;
			buildSettings = {
				ASSETCATALOG_COMPILER_APPICON_NAME = AppIcon;
				ASSETCATALOG_COMPILER_GLOBAL_ACCENT_COLOR_NAME = AccentColor;
				CODE_SIGN_STYLE = Automatic;
				DEVELOPMENT_TEAM = K9ZG3W249U;
				INFOPLIST_FILE = AnApple/Info.plist;
				LD_RUNPATH_SEARCH_PATHS = (
					"$(inherited)",
					"@executable_path/Frameworks",
				);
				PRODUCT_BUNDLE_IDENTIFIER = murrayliukkk.AnApple;
				PRODUCT_NAME = "$(TARGET_NAME)";
				SWIFT_VERSION = 5.0;
				TARGETED_DEVICE_FAMILY = "1,2";
			};
			name = Release;
		};
/* End XCBuildConfiguration section */

/* Begin XCConfigurationList section */
		723E910E2600A9E5006B70BB /* Build configuration list for PBXProject "AnApple" */ = {
			isa = XCConfigurationList;
			buildConfigurations = (
				723E91262600A9E6006B70BB /* Debug */,
				723E91272600A9E6006B70BB /* Release */,
			);
			defaultConfigurationIsVisible = 0;
			defaultConfigurationName = Release;
		};
		723E91282600A9E6006B70BB /* Build configuration list for PBXNativeTarget "AnApple" */ = {
			isa = XCConfigurationList;
			buildConfigurations = (
				723E91292600A9E6006B70BB /* Debug */,
				723E912A2600A9E6006B70BB /* Release */,
			);
			defaultConfigurationIsVisible = 0;
			defaultConfigurationName = Release;
		};
/* End XCConfigurationList section */
	};
	rootObject = 723E910B2600A9E5006B70BB /* Project object */;
}
